
Microsoft Visual Studio Solution File, Format Version 12.00
# Visual Studio Version 17
VisualStudioVersion = 17.5.002.0
MinimumVisualStudioVersion = 10.0.40219.1
Project("{9A19103F-16F7-4668-BE54-9A1E7A4F7556}") = "CubemapMaker", "CubemapMaker.csproj", "{AC016314-BBAF-4623-846A-AE5A94A6EC75}"
EndProject
Global
	GlobalSection(SolutionConfigurationPlatforms) = preSolution
		Debug|Any CPU = Debug|Any CPU
		Release|Any CPU = Release|Any CPU
	EndGlobalSection
	GlobalSection(ProjectConfigurationPlatforms) = postSolution
		{AC016314-BBAF-4623-846A-AE5A94A6EC75}.Debug|Any CPU.ActiveCfg = Debug|Any CPU
		{AC016314-BBAF-4623-846A-AE5A94A6EC75}.Debug|Any CPU.Build.0 = Debug|Any CPU
		{AC016314-BBAF-4623-846A-AE5A94A6EC75}.Release|Any CPU.ActiveCfg = Release|Any CPU
		{AC016314-BBAF-4623-846A-AE5A94A6EC75}.Release|Any CPU.Build.0 = Release|Any CPU
	EndGlobalSection
	GlobalSection(SolutionProperties) = preSolution
		HideSolutionNode = FALSE
	EndGlobalSection
	GlobalSection(ExtensibilityGlobals) = postSolution
		SolutionGuid = {6D86B142-DA60-4EC8-BB17-00E33843C710}
	EndGlobalSection
EndGlobal
